{
  "pins" : [
    {
      "identity" : "tocropviewcontroller",
      "kind" : "remoteSourceControl",
      "location" : "https://github.com/TimOliver/TOCropViewController.git",
      "state" : {
        "revision" : "eafee7c2aa3739a5f2f45f8bc1bd81e6c5d15976",
        "version" : "2.7.2"
      }
    }
  ],
  "version" : 2
}
