// !$*UTF8*$!
{
	archiveVersion = 1;
	classes = {
	};
	objectVersion = 56;
	objects = {

/* Begin PBXBuildFile section */
		D3000E5C2B99157500CF4CE8 /* MessageComposerView.swift in Sources */ = {isa = PBXBuildFile; fileRef = D3000E5B2B99157500CF4CE8 /* MessageComposerView.swift */; };
		D3000E5F2B9A116300CF4CE8 /* UserViewModel.swift in Sources */ = {isa = PBXBuildFile; fileRef = D3000E5E2B9A116300CF4CE8 /* UserViewModel.swift */; };
		D3000E612B9A550E00CF4CE8 /* ReceiverViewModel.swift in Sources */ = {isa = PBXBuildFile; fileRef = D3000E602B9A550E00CF4CE8 /* ReceiverViewModel.swift */; };
		D30446842BAB50D8008FDACB /* SentCardsListView.swift in Sources */ = {isa = PBXBuildFile; fileRef = D30446832BAB50D8008FDACB /* SentCardsListView.swift */; };
		D30446862BACD914008FDACB /* NotificationManager.swift in Sources */ = {isa = PBXBuildFile; fileRef = D30446852BACD914008FDACB /* NotificationManager.swift */; };
		D30446882BADB3AD008FDACB /* AppDelegate.swift in Sources */ = {isa = PBXBuildFile; fileRef = D30446872BADB3AD008FDACB /* AppDelegate.swift */; };
		D304468A2BADB5DA008FDACB /* WeUseNotificationsView.swift in Sources */ = {isa = PBXBuildFile; fileRef = D30446892BADB5DA008FDACB /* WeUseNotificationsView.swift */; };
		D32C42942B8935AF002FC0B9 /* WeeklyThanksApp.swift in Sources */ = {isa = PBXBuildFile; fileRef = D32C42932B8935AF002FC0B9 /* WeeklyThanksApp.swift */; };
		D32C42962B8935AF002FC0B9 /* ContentView.swift in Sources */ = {isa = PBXBuildFile; fileRef = D32C42952B8935AF002FC0B9 /* ContentView.swift */; };
		D32C42982B8935B1002FC0B9 /* Assets.xcassets in Resources */ = {isa = PBXBuildFile; fileRef = D32C42972B8935B1002FC0B9 /* Assets.xcassets */; };
		D32C429B2B8935B1002FC0B9 /* Preview Assets.xcassets in Resources */ = {isa = PBXBuildFile; fileRef = D32C429A2B8935B1002FC0B9 /* Preview Assets.xcassets */; };
		D32C42A42B893FB1002FC0B9 /* ChoosePersonView.swift in Sources */ = {isa = PBXBuildFile; fileRef = D32C42A32B893FB1002FC0B9 /* ChoosePersonView.swift */; };
		D32C42A62B8942E2002FC0B9 /* AddNewMemberView.swift in Sources */ = {isa = PBXBuildFile; fileRef = D32C42A52B8942E2002FC0B9 /* AddNewMemberView.swift */; };
		D32C42A82B89F6F8002FC0B9 /* ThankYouCardView.swift in Sources */ = {isa = PBXBuildFile; fileRef = D32C42A72B89F6F8002FC0B9 /* ThankYouCardView.swift */; };
		D32C42AA2B89FD37002FC0B9 /* Colors.swift in Sources */ = {isa = PBXBuildFile; fileRef = D32C42A92B89FD37002FC0B9 /* Colors.swift */; };
		D351185F2B8A1D7B0013BDA0 /* leckerli-one.regular.ttf in Resources */ = {isa = PBXBuildFile; fileRef = D351185E2B8A1D7B0013BDA0 /* leckerli-one.regular.ttf */; };
		D35118612B8B8B360013BDA0 /* Chillax-Regular.otf in Resources */ = {isa = PBXBuildFile; fileRef = D35118602B8B8B360013BDA0 /* Chillax-Regular.otf */; };
		D351186B2B8BA0820013BDA0 /* ManuallyOrContactView.swift in Sources */ = {isa = PBXBuildFile; fileRef = D351186A2B8BA0820013BDA0 /* ManuallyOrContactView.swift */; };
		D351186D2B8BA1EB0013BDA0 /* WriteMessageView.swift in Sources */ = {isa = PBXBuildFile; fileRef = D351186C2B8BA1EB0013BDA0 /* WriteMessageView.swift */; };
		D351186F2B8D3B4F0013BDA0 /* DynamicSizeLabel.swift in Sources */ = {isa = PBXBuildFile; fileRef = D351186E2B8D3B4F0013BDA0 /* DynamicSizeLabel.swift */; };
		D35118762B9119870013BDA0 /* AppDataModel.xcdatamodeld in Sources */ = {isa = PBXBuildFile; fileRef = D35118742B9119870013BDA0 /* AppDataModel.xcdatamodeld */; };
		D35118912B912EC80013BDA0 /* DataManager.swift in Sources */ = {isa = PBXBuildFile; fileRef = D35118902B912EC80013BDA0 /* DataManager.swift */; };
		D38076782B913650006484B2 /* HomeView.swift in Sources */ = {isa = PBXBuildFile; fileRef = D38076772B913650006484B2 /* HomeView.swift */; };
		D380767A2B913911006484B2 /* StartView.swift in Sources */ = {isa = PBXBuildFile; fileRef = D38076792B913911006484B2 /* StartView.swift */; };
		D380767C2B913FC7006484B2 /* AddNameView.swift in Sources */ = {isa = PBXBuildFile; fileRef = D380767B2B913FC7006484B2 /* AddNameView.swift */; };
		D380767F2B950B3B006484B2 /* ContactsManager.swift in Sources */ = {isa = PBXBuildFile; fileRef = D380767E2B950B3B006484B2 /* ContactsManager.swift */; };
		D38076812B950BC2006484B2 /* ContactView.swift in Sources */ = {isa = PBXBuildFile; fileRef = D38076802B950BC2006484B2 /* ContactView.swift */; };
		D3883A362BB1D8170039FD51 /* ThankYouCard+CoreDataClass.swift in Sources */ = {isa = PBXBuildFile; fileRef = D3883A342BB1D8170039FD51 /* ThankYouCard+CoreDataClass.swift */; };
		D3883A372BB1D8170039FD51 /* ThankYouCard+CoreDataProperties.swift in Sources */ = {isa = PBXBuildFile; fileRef = D3883A352BB1D8170039FD51 /* ThankYouCard+CoreDataProperties.swift */; };
		D3883A3A2BB21D930039FD51 /* Receiver+CoreDataClass.swift in Sources */ = {isa = PBXBuildFile; fileRef = D3883A382BB21D930039FD51 /* Receiver+CoreDataClass.swift */; };
		D3883A3B2BB21D930039FD51 /* Receiver+CoreDataProperties.swift in Sources */ = {isa = PBXBuildFile; fileRef = D3883A392BB21D930039FD51 /* Receiver+CoreDataProperties.swift */; };
		D3883A3D2BB4BC730039FD51 /* ChooseGoalView.swift in Sources */ = {isa = PBXBuildFile; fileRef = D3883A3C2BB4BC730039FD51 /* ChooseGoalView.swift */; };
		D3883A432BB4CBE60039FD51 /* EditUserView.swift in Sources */ = {isa = PBXBuildFile; fileRef = D3883A422BB4CBE60039FD51 /* EditUserView.swift */; };
		D38CB7A02BB624D100EE16CE /* User+CoreDataClass.swift in Sources */ = {isa = PBXBuildFile; fileRef = D38CB79E2BB624D100EE16CE /* User+CoreDataClass.swift */; };
		D38CB7A12BB624D100EE16CE /* User+CoreDataProperties.swift in Sources */ = {isa = PBXBuildFile; fileRef = D38CB79F2BB624D100EE16CE /* User+CoreDataProperties.swift */; };
		D38CB7A32BB85D6000EE16CE /* Launch Screen.storyboard in Resources */ = {isa = PBXBuildFile; fileRef = D38CB7A22BB85D6000EE16CE /* Launch Screen.storyboard */; };
		D38CB7A72BB987ED00EE16CE /* ExplanationView.swift in Sources */ = {isa = PBXBuildFile; fileRef = D38CB7A62BB987ED00EE16CE /* ExplanationView.swift */; };
		D39A27DE2BA48A6A00BFFED9 /* AfterSentCardView.swift in Sources */ = {isa = PBXBuildFile; fileRef = D39A27DD2BA48A6A00BFFED9 /* AfterSentCardView.swift */; };
		D39A27E02BA882EC00BFFED9 /* EditReceiverView.swift in Sources */ = {isa = PBXBuildFile; fileRef = D39A27DF2BA882EC00BFFED9 /* EditReceiverView.swift */; };
		D39A27E22BA88EA300BFFED9 /* ThankYouCardViewModel.swift in Sources */ = {isa = PBXBuildFile; fileRef = D39A27E12BA88EA300BFFED9 /* ThankYouCardViewModel.swift */; };
/* End PBXBuildFile section */

/* Begin PBXFileReference section */
		D3000E5B2B99157500CF4CE8 /* MessageComposerView.swift */ = {isa = PBXFileReference; lastKnownFileType = sourcecode.swift; path = MessageComposerView.swift; sourceTree = "<group>"; };
		D3000E5E2B9A116300CF4CE8 /* UserViewModel.swift */ = {isa = PBXFileReference; lastKnownFileType = sourcecode.swift; path = UserViewModel.swift; sourceTree = "<group>"; };
		D3000E602B9A550E00CF4CE8 /* ReceiverViewModel.swift */ = {isa = PBXFileReference; lastKnownFileType = sourcecode.swift; path = ReceiverViewModel.swift; sourceTree = "<group>"; };
		D30446832BAB50D8008FDACB /* SentCardsListView.swift */ = {isa = PBXFileReference; lastKnownFileType = sourcecode.swift; path = SentCardsListView.swift; sourceTree = "<group>"; };
		D30446852BACD914008FDACB /* NotificationManager.swift */ = {isa = PBXFileReference; lastKnownFileType = sourcecode.swift; path = NotificationManager.swift; sourceTree = "<group>"; };
		D30446872BADB3AD008FDACB /* AppDelegate.swift */ = {isa = PBXFileReference; lastKnownFileType = sourcecode.swift; path = AppDelegate.swift; sourceTree = "<group>"; };
		D30446892BADB5DA008FDACB /* WeUseNotificationsView.swift */ = {isa = PBXFileReference; lastKnownFileType = sourcecode.swift; path = WeUseNotificationsView.swift; sourceTree = "<group>"; };
		D32C42902B8935AF002FC0B9 /* WeeklyThanks.app */ = {isa = PBXFileReference; explicitFileType = wrapper.application; includeInIndex = 0; path = WeeklyThanks.app; sourceTree = BUILT_PRODUCTS_DIR; };
		D32C42932B8935AF002FC0B9 /* WeeklyThanksApp.swift */ = {isa = PBXFileReference; lastKnownFileType = sourcecode.swift; path = WeeklyThanksApp.swift; sourceTree = "<group>"; };
		D32C42952B8935AF002FC0B9 /* ContentView.swift */ = {isa = PBXFileReference; lastKnownFileType = sourcecode.swift; path = ContentView.swift; sourceTree = "<group>"; };
		D32C42972B8935B1002FC0B9 /* Assets.xcassets */ = {isa = PBXFileReference; lastKnownFileType = folder.assetcatalog; path = Assets.xcassets; sourceTree = "<group>"; };
		D32C429A2B8935B1002FC0B9 /* Preview Assets.xcassets */ = {isa = PBXFileReference; lastKnownFileType = folder.assetcatalog; path = "Preview Assets.xcassets"; sourceTree = "<group>"; };
		D32C42A32B893FB1002FC0B9 /* ChoosePersonView.swift */ = {isa = PBXFileReference; lastKnownFileType = sourcecode.swift; path = ChoosePersonView.swift; sourceTree = "<group>"; };
		D32C42A52B8942E2002FC0B9 /* AddNewMemberView.swift */ = {isa = PBXFileReference; lastKnownFileType = sourcecode.swift; path = AddNewMemberView.swift; sourceTree = "<group>"; };
		D32C42A72B89F6F8002FC0B9 /* ThankYouCardView.swift */ = {isa = PBXFileReference; lastKnownFileType = sourcecode.swift; path = ThankYouCardView.swift; sourceTree = "<group>"; };
		D32C42A92B89FD37002FC0B9 /* Colors.swift */ = {isa = PBXFileReference; lastKnownFileType = sourcecode.swift; path = Colors.swift; sourceTree = "<group>"; };
		D32C42AD2B8A1319002FC0B9 /* Info.plist */ = {isa = PBXFileReference; lastKnownFileType = text.plist; path = Info.plist; sourceTree = "<group>"; };
		D351185E2B8A1D7B0013BDA0 /* leckerli-one.regular.ttf */ = {isa = PBXFileReference; lastKnownFileType = file; name = "leckerli-one.regular.ttf"; path = "../../../../../../Downloads/leckerli-one.regular.ttf"; sourceTree = "<group>"; };
		D35118602B8B8B360013BDA0 /* Chillax-Regular.otf */ = {isa = PBXFileReference; lastKnownFileType = file; path = "Chillax-Regular.otf"; sourceTree = "<group>"; };
		D351186A2B8BA0820013BDA0 /* ManuallyOrContactView.swift */ = {isa = PBXFileReference; lastKnownFileType = sourcecode.swift; path = ManuallyOrContactView.swift; sourceTree = "<group>"; };
		D351186C2B8BA1EB0013BDA0 /* WriteMessageView.swift */ = {isa = PBXFileReference; lastKnownFileType = sourcecode.swift; path = WriteMessageView.swift; sourceTree = "<group>"; };
		D351186E2B8D3B4F0013BDA0 /* DynamicSizeLabel.swift */ = {isa = PBXFileReference; lastKnownFileType = sourcecode.swift; path = DynamicSizeLabel.swift; sourceTree = "<group>"; };
		D35118752B9119870013BDA0 /* AppDataModel.xcdatamodel */ = {isa = PBXFileReference; lastKnownFileType = wrapper.xcdatamodel; path = AppDataModel.xcdatamodel; sourceTree = "<group>"; };
		D35118902B912EC80013BDA0 /* DataManager.swift */ = {isa = PBXFileReference; lastKnownFileType = sourcecode.swift; path = DataManager.swift; sourceTree = "<group>"; };
		D38076772B913650006484B2 /* HomeView.swift */ = {isa = PBXFileReference; lastKnownFileType = sourcecode.swift; path = HomeView.swift; sourceTree = "<group>"; };
		D38076792B913911006484B2 /* StartView.swift */ = {isa = PBXFileReference; lastKnownFileType = sourcecode.swift; path = StartView.swift; sourceTree = "<group>"; };
		D380767B2B913FC7006484B2 /* AddNameView.swift */ = {isa = PBXFileReference; lastKnownFileType = sourcecode.swift; path = AddNameView.swift; sourceTree = "<group>"; };
		D380767E2B950B3B006484B2 /* ContactsManager.swift */ = {isa = PBXFileReference; lastKnownFileType = sourcecode.swift; path = ContactsManager.swift; sourceTree = "<group>"; };
		D38076802B950BC2006484B2 /* ContactView.swift */ = {isa = PBXFileReference; lastKnownFileType = sourcecode.swift; path = ContactView.swift; sourceTree = "<group>"; };
		D3883A342BB1D8170039FD51 /* ThankYouCard+CoreDataClass.swift */ = {isa = PBXFileReference; lastKnownFileType = sourcecode.swift; path = "ThankYouCard+CoreDataClass.swift"; sourceTree = "<group>"; };
		D3883A352BB1D8170039FD51 /* ThankYouCard+CoreDataProperties.swift */ = {isa = PBXFileReference; lastKnownFileType = sourcecode.swift; path = "ThankYouCard+CoreDataProperties.swift"; sourceTree = "<group>"; };
		D3883A382BB21D930039FD51 /* Receiver+CoreDataClass.swift */ = {isa = PBXFileReference; lastKnownFileType = sourcecode.swift; path = "Receiver+CoreDataClass.swift"; sourceTree = "<group>"; };
		D3883A392BB21D930039FD51 /* Receiver+CoreDataProperties.swift */ = {isa = PBXFileReference; lastKnownFileType = sourcecode.swift; path = "Receiver+CoreDataProperties.swift"; sourceTree = "<group>"; };
		D3883A3C2BB4BC730039FD51 /* ChooseGoalView.swift */ = {isa = PBXFileReference; lastKnownFileType = sourcecode.swift; path = ChooseGoalView.swift; sourceTree = "<group>"; };
		D3883A422BB4CBE60039FD51 /* EditUserView.swift */ = {isa = PBXFileReference; lastKnownFileType = sourcecode.swift; path = EditUserView.swift; sourceTree = "<group>"; };
		D38CB79E2BB624D100EE16CE /* User+CoreDataClass.swift */ = {isa = PBXFileReference; lastKnownFileType = sourcecode.swift; path = "User+CoreDataClass.swift"; sourceTree = "<group>"; };
		D38CB79F2BB624D100EE16CE /* User+CoreDataProperties.swift */ = {isa = PBXFileReference; lastKnownFileType = sourcecode.swift; path = "User+CoreDataProperties.swift"; sourceTree = "<group>"; };
		D38CB7A22BB85D6000EE16CE /* Launch Screen.storyboard */ = {isa = PBXFileReference; lastKnownFileType = file.storyboard; path = "Launch Screen.storyboard"; sourceTree = "<group>"; };
		D38CB7A62BB987ED00EE16CE /* ExplanationView.swift */ = {isa = PBXFileReference; lastKnownFileType = sourcecode.swift; path = ExplanationView.swift; sourceTree = "<group>"; };
		D39A27DD2BA48A6A00BFFED9 /* AfterSentCardView.swift */ = {isa = PBXFileReference; lastKnownFileType = sourcecode.swift; path = AfterSentCardView.swift; sourceTree = "<group>"; };
		D39A27DF2BA882EC00BFFED9 /* EditReceiverView.swift */ = {isa = PBXFileReference; lastKnownFileType = sourcecode.swift; path = EditReceiverView.swift; sourceTree = "<group>"; };
		D39A27E12BA88EA300BFFED9 /* ThankYouCardViewModel.swift */ = {isa = PBXFileReference; lastKnownFileType = sourcecode.swift; path = ThankYouCardViewModel.swift; sourceTree = "<group>"; };
/* End PBXFileReference section */

/* Begin PBXFrameworksBuildPhase section */
		D32C428D2B8935AF002FC0B9 /* Frameworks */ = {
			isa = PBXFrameworksBuildPhase;
			buildActionMask = 2147483647;
			files = (
			);
			runOnlyForDeploymentPostprocessing = 0;
		};
/* End PBXFrameworksBuildPhase section */

/* Begin PBXGroup section */
		D3000E5D2B9A114F00CF4CE8 /* ViewModel */ = {
			isa = PBXGroup;
			children = (
				D3000E5E2B9A116300CF4CE8 /* UserViewModel.swift */,
				D3000E602B9A550E00CF4CE8 /* ReceiverViewModel.swift */,
				D39A27E12BA88EA300BFFED9 /* ThankYouCardViewModel.swift */,
			);
			path = ViewModel;
			sourceTree = "<group>";
		};
		D32C42872B8935AF002FC0B9 = {
			isa = PBXGroup;
			children = (
				D32C42922B8935AF002FC0B9 /* WeeklyThanks */,
				D32C42912B8935AF002FC0B9 /* Products */,
			);
			sourceTree = "<group>";
		};
		D32C42912B8935AF002FC0B9 /* Products */ = {
			isa = PBXGroup;
			children = (
				D32C42902B8935AF002FC0B9 /* WeeklyThanks.app */,
			);
			name = Products;
			sourceTree = "<group>";
		};
		D32C42922B8935AF002FC0B9 /* WeeklyThanks */ = {
			isa = PBXGroup;
			children = (
				D351185E2B8A1D7B0013BDA0 /* leckerli-one.regular.ttf */,
				D35118602B8B8B360013BDA0 /* Chillax-Regular.otf */,
				D32C42AD2B8A1319002FC0B9 /* Info.plist */,
				D32C42AB2B89FD43002FC0B9 /* Extensions */,
				D35118632B8B8E000013BDA0 /* Managers */,
				D35118622B8B8DEF0013BDA0 /* Views */,
				D32C42952B8935AF002FC0B9 /* ContentView.swift */,
				D3000E5B2B99157500CF4CE8 /* MessageComposerView.swift */,
				D38CB7A22BB85D6000EE16CE /* Launch Screen.storyboard */,
				D32C42932B8935AF002FC0B9 /* WeeklyThanksApp.swift */,
				D32C42972B8935B1002FC0B9 /* Assets.xcassets */,
				D32C42992B8935B1002FC0B9 /* Preview Content */,
			);
			path = WeeklyThanks;
			sourceTree = "<group>";
		};
		D32C42992B8935B1002FC0B9 /* Preview Content */ = {
			isa = PBXGroup;
			children = (
				D32C429A2B8935B1002FC0B9 /* Preview Assets.xcassets */,
			);
			path = "Preview Content";
			sourceTree = "<group>";
		};
		D32C42AB2B89FD43002FC0B9 /* Extensions */ = {
			isa = PBXGroup;
			children = (
				D32C42A72B89F6F8002FC0B9 /* ThankYouCardView.swift */,
				D32C42A92B89FD37002FC0B9 /* Colors.swift */,
				D351186E2B8D3B4F0013BDA0 /* DynamicSizeLabel.swift */,
			);
			path = Extensions;
			sourceTree = "<group>";
		};
		D35118622B8B8DEF0013BDA0 /* Views */ = {
			isa = PBXGroup;
			children = (
				D380767D2B913FCE006484B2 /* Start */,
				D32C42A32B893FB1002FC0B9 /* ChoosePersonView.swift */,
				D32C42A52B8942E2002FC0B9 /* AddNewMemberView.swift */,
				D351186A2B8BA0820013BDA0 /* ManuallyOrContactView.swift */,
				D351186C2B8BA1EB0013BDA0 /* WriteMessageView.swift */,
				D39A27DF2BA882EC00BFFED9 /* EditReceiverView.swift */,
				D38076772B913650006484B2 /* HomeView.swift */,
				D3883A422BB4CBE60039FD51 /* EditUserView.swift */,
				D30446832BAB50D8008FDACB /* SentCardsListView.swift */,
				D38076802B950BC2006484B2 /* ContactView.swift */,
				D39A27DD2BA48A6A00BFFED9 /* AfterSentCardView.swift */,
			);
			path = Views;
			sourceTree = "<group>";
		};
		D35118632B8B8E000013BDA0 /* Managers */ = {
			isa = PBXGroup;
			children = (
				D3000E5D2B9A114F00CF4CE8 /* ViewModel */,
				D351188F2B912E6F0013BDA0 /* NsManager */,
				D35118742B9119870013BDA0 /* AppDataModel.xcdatamodeld */,
				D35118902B912EC80013BDA0 /* DataManager.swift */,
				D380767E2B950B3B006484B2 /* ContactsManager.swift */,
				D30446852BACD914008FDACB /* NotificationManager.swift */,
				D30446872BADB3AD008FDACB /* AppDelegate.swift */,
			);
			path = Managers;
			sourceTree = "<group>";
		};
		D351188F2B912E6F0013BDA0 /* NsManager */ = {
			isa = PBXGroup;
			children = (
				D3883A342BB1D8170039FD51 /* ThankYouCard+CoreDataClass.swift */,
				D3883A352BB1D8170039FD51 /* ThankYouCard+CoreDataProperties.swift */,
				D38CB79E2BB624D100EE16CE /* User+CoreDataClass.swift */,
				D38CB79F2BB624D100EE16CE /* User+CoreDataProperties.swift */,
				D3883A382BB21D930039FD51 /* Receiver+CoreDataClass.swift */,
				D3883A392BB21D930039FD51 /* Receiver+CoreDataProperties.swift */,
			);
			path = NsManager;
			sourceTree = "<group>";
		};
		D380767D2B913FCE006484B2 /* Start */ = {
			isa = PBXGroup;
			children = (
				D38076792B913911006484B2 /* StartView.swift */,
				D38CB7A62BB987ED00EE16CE /* ExplanationView.swift */,
				D380767B2B913FC7006484B2 /* AddNameView.swift */,
				D3883A3C2BB4BC730039FD51 /* ChooseGoalView.swift */,
				D30446892BADB5DA008FDACB /* WeUseNotificationsView.swift */,
			);
			path = Start;
			sourceTree = "<group>";
		};
/* End PBXGroup section */

/* Begin PBXNativeTarget section */
		D32C428F2B8935AF002FC0B9 /* WeeklyThanks */ = {
			isa = PBXNativeTarget;
			buildConfigurationList = D32C429E2B8935B1002FC0B9 /* Build configuration list for PBXNativeTarget "WeeklyThanks" */;
			buildPhases = (
				D32C428C2B8935AF002FC0B9 /* Sources */,
				D32C428D2B8935AF002FC0B9 /* Frameworks */,
				D32C428E2B8935AF002FC0B9 /* Resources */,
			);
			buildRules = (
			);
			dependencies = (
			);
			name = WeeklyThanks;
			productName = WeeklyThanks;
			productReference = D32C42902B8935AF002FC0B9 /* WeeklyThanks.app */;
			productType = "com.apple.product-type.application";
		};
/* End PBXNativeTarget section */

/* Begin PBXProject section */
		D32C42882B8935AF002FC0B9 /* Project object */ = {
			isa = PBXProject;
			attributes = {
				BuildIndependentTargetsInParallel = 1;
				LastSwiftUpdateCheck = 1430;
				LastUpgradeCheck = 1430;
				TargetAttributes = {
					D32C428F2B8935AF002FC0B9 = {
						CreatedOnToolsVersion = 14.3.1;
					};
				};
			};
			buildConfigurationList = D32C428B2B8935AF002FC0B9 /* Build configuration list for PBXProject "WeeklyThanks" */;
			compatibilityVersion = "Xcode 14.0";
			developmentRegion = en;
			hasScannedForEncodings = 0;
			knownRegions = (
				en,
				Base,
			);
			mainGroup = D32C42872B8935AF002FC0B9;
			productRefGroup = D32C42912B8935AF002FC0B9 /* Products */;
			projectDirPath = "";
			projectRoot = "";
			targets = (
				D32C428F2B8935AF002FC0B9 /* WeeklyThanks */,
			);
		};
/* End PBXProject section */

/* Begin PBXResourcesBuildPhase section */
		D32C428E2B8935AF002FC0B9 /* Resources */ = {
			isa = PBXResourcesBuildPhase;
			buildActionMask = 2147483647;
			files = (
				D32C429B2B8935B1002FC0B9 /* Preview Assets.xcassets in Resources */,
				D32C42982B8935B1002FC0B9 /* Assets.xcassets in Resources */,
				D35118612B8B8B360013BDA0 /* Chillax-Regular.otf in Resources */,
				D38CB7A32BB85D6000EE16CE /* Launch Screen.storyboard in Resources */,
				D351185F2B8A1D7B0013BDA0 /* leckerli-one.regular.ttf in Resources */,
			);
			runOnlyForDeploymentPostprocessing = 0;
		};
/* End PBXResourcesBuildPhase section */

/* Begin PBXSourcesBuildPhase section */
		D32C428C2B8935AF002FC0B9 /* Sources */ = {
			isa = PBXSourcesBuildPhase;
			buildActionMask = 2147483647;
			files = (
				D35118762B9119870013BDA0 /* AppDataModel.xcdatamodeld in Sources */,
				D351186D2B8BA1EB0013BDA0 /* WriteMessageView.swift in Sources */,
				D3000E612B9A550E00CF4CE8 /* ReceiverViewModel.swift in Sources */,
				D3883A432BB4CBE60039FD51 /* EditUserView.swift in Sources */,
				D32C42A42B893FB1002FC0B9 /* ChoosePersonView.swift in Sources */,
				D380767C2B913FC7006484B2 /* AddNameView.swift in Sources */,
				D32C42962B8935AF002FC0B9 /* ContentView.swift in Sources */,
				D39A27DE2BA48A6A00BFFED9 /* AfterSentCardView.swift in Sources */,
				D30446842BAB50D8008FDACB /* SentCardsListView.swift in Sources */,
				D30446862BACD914008FDACB /* NotificationManager.swift in Sources */,
				D39A27E22BA88EA300BFFED9 /* ThankYouCardViewModel.swift in Sources */,
				D351186F2B8D3B4F0013BDA0 /* DynamicSizeLabel.swift in Sources */,
				D35118912B912EC80013BDA0 /* DataManager.swift in Sources */,
				D38076812B950BC2006484B2 /* ContactView.swift in Sources */,
				D3000E5C2B99157500CF4CE8 /* MessageComposerView.swift in Sources */,
				D380767A2B913911006484B2 /* StartView.swift in Sources */,
				D3883A3B2BB21D930039FD51 /* Receiver+CoreDataProperties.swift in Sources */,
				D351186B2B8BA0820013BDA0 /* ManuallyOrContactView.swift in Sources */,
				D304468A2BADB5DA008FDACB /* WeUseNotificationsView.swift in Sources */,
				D32C42AA2B89FD37002FC0B9 /* Colors.swift in Sources */,
				D3883A3D2BB4BC730039FD51 /* ChooseGoalView.swift in Sources */,
				D30446882BADB3AD008FDACB /* AppDelegate.swift in Sources */,
				D3883A3A2BB21D930039FD51 /* Receiver+CoreDataClass.swift in Sources */,
				D3883A372BB1D8170039FD51 /* ThankYouCard+CoreDataProperties.swift in Sources */,
				D32C42A62B8942E2002FC0B9 /* AddNewMemberView.swift in Sources */,
				D38CB7A12BB624D100EE16CE /* User+CoreDataProperties.swift in Sources */,
				D32C42942B8935AF002FC0B9 /* WeeklyThanksApp.swift in Sources */,
				D32C42A82B89F6F8002FC0B9 /* ThankYouCardView.swift in Sources */,
				D3883A362BB1D8170039FD51 /* ThankYouCard+CoreDataClass.swift in Sources */,
				D380767F2B950B3B006484B2 /* ContactsManager.swift in Sources */,
				D3000E5F2B9A116300CF4CE8 /* UserViewModel.swift in Sources */,
				D38076782B913650006484B2 /* HomeView.swift in Sources */,
				D39A27E02BA882EC00BFFED9 /* EditReceiverView.swift in Sources */,
				D38CB7A72BB987ED00EE16CE /* ExplanationView.swift in Sources */,
				D38CB7A02BB624D100EE16CE /* User+CoreDataClass.swift in Sources */,
			);
			runOnlyForDeploymentPostprocessing = 0;
		};
/* End PBXSourcesBuildPhase section */

/* Begin XCBuildConfiguration section */
		D32C429C2B8935B1002FC0B9 /* Debug */ = {
			isa = XCBuildConfiguration;
			buildSettings = {
				ALWAYS_SEARCH_USER_PATHS = NO;
				CLANG_ANALYZER_NONNULL = YES;
				CLANG_ANALYZER_NUMBER_OBJECT_CONVERSION = YES_AGGRESSIVE;
				CLANG_CXX_LANGUAGE_STANDARD = "gnu++20";
				CLANG_ENABLE_MODULES = YES;
				CLANG_ENABLE_OBJC_ARC = YES;
				CLANG_ENABLE_OBJC_WEAK = YES;
				CLANG_WARN_BLOCK_CAPTURE_AUTORELEASING = YES;
				CLANG_WARN_BOOL_CONVERSION = YES;
				CLANG_WARN_COMMA = YES;
				CLANG_WARN_CONSTANT_CONVERSION = YES;
				CLANG_WARN_DEPRECATED_OBJC_IMPLEMENTATIONS = YES;
				CLANG_WARN_DIRECT_OBJC_ISA_USAGE = YES_ERROR;
				CLANG_WARN_DOCUMENTATION_COMMENTS = YES;
				CLANG_WARN_EMPTY_BODY = YES;
				CLANG_WARN_ENUM_CONVERSION = YES;
				CLANG_WARN_INFINITE_RECURSION = YES;
				CLANG_WARN_INT_CONVERSION = YES;
				CLANG_WARN_NON_LITERAL_NULL_CONVERSION = YES;
				CLANG_WARN_OBJC_IMPLICIT_RETAIN_SELF = YES;
				CLANG_WARN_OBJC_LITERAL_CONVERSION = YES;
				CLANG_WARN_OBJC_ROOT_CLASS = YES_ERROR;
				CLANG_WARN_QUOTED_INCLUDE_IN_FRAMEWORK_HEADER = YES;
				CLANG_WARN_RANGE_LOOP_ANALYSIS = YES;
				CLANG_WARN_STRICT_PROTOTYPES = YES;
				CLANG_WARN_SUSPICIOUS_MOVE = YES;
				CLANG_WARN_UNGUARDED_AVAILABILITY = YES_AGGRESSIVE;
				CLANG_WARN_UNREACHABLE_CODE = YES;
				CLANG_WARN__DUPLICATE_METHOD_MATCH = YES;
				COPY_PHASE_STRIP = NO;
				DEBUG_INFORMATION_FORMAT = dwarf;
				ENABLE_STRICT_OBJC_MSGSEND = YES;
				ENABLE_TESTABILITY = YES;
				GCC_C_LANGUAGE_STANDARD = gnu11;
				GCC_DYNAMIC_NO_PIC = NO;
				GCC_NO_COMMON_BLOCKS = YES;
				GCC_OPTIMIZATION_LEVEL = 0;
				GCC_PREPROCESSOR_DEFINITIONS = (
					"DEBUG=1",
					"$(inherited)",
				);
				GCC_WARN_64_TO_32_BIT_CONVERSION = YES;
				GCC_WARN_ABOUT_RETURN_TYPE = YES_ERROR;
				GCC_WARN_UNDECLARED_SELECTOR = YES;
				GCC_WARN_UNINITIALIZED_AUTOS = YES_AGGRESSIVE;
				GCC_WARN_UNUSED_FUNCTION = YES;
				GCC_WARN_UNUSED_VARIABLE = YES;
				IPHONEOS_DEPLOYMENT_TARGET = 16.4;
				MTL_ENABLE_DEBUG_INFO = INCLUDE_SOURCE;
				MTL_FAST_MATH = YES;
				ONLY_ACTIVE_ARCH = YES;
				SDKROOT = iphoneos;
				SWIFT_ACTIVE_COMPILATION_CONDITIONS = DEBUG;
				SWIFT_OPTIMIZATION_LEVEL = "-Onone";
			};
			name = Debug;
		};
		D32C429D2B8935B1002FC0B9 /* Release */ = {
			isa = XCBuildConfiguration;
			buildSettings = {
				ALWAYS_SEARCH_USER_PATHS = NO;
				CLANG_ANALYZER_NONNULL = YES;
				CLANG_ANALYZER_NUMBER_OBJECT_CONVERSION = YES_AGGRESSIVE;
				CLANG_CXX_LANGUAGE_STANDARD = "gnu++20";
				CLANG_ENABLE_MODULES = YES;
				CLANG_ENABLE_OBJC_ARC = YES;
				CLANG_ENABLE_OBJC_WEAK = YES;
				CLANG_WARN_BLOCK_CAPTURE_AUTORELEASING = YES;
				CLANG_WARN_BOOL_CONVERSION = YES;
				CLANG_WARN_COMMA = YES;
				CLANG_WARN_CONSTANT_CONVERSION = YES;
				CLANG_WARN_DEPRECATED_OBJC_IMPLEMENTATIONS = YES;
				CLANG_WARN_DIRECT_OBJC_ISA_USAGE = YES_ERROR;
				CLANG_WARN_DOCUMENTATION_COMMENTS = YES;
				CLANG_WARN_EMPTY_BODY = YES;
				CLANG_WARN_ENUM_CONVERSION = YES;
				CLANG_WARN_INFINITE_RECURSION = YES;
				CLANG_WARN_INT_CONVERSION = YES;
				CLANG_WARN_NON_LITERAL_NULL_CONVERSION = YES;
				CLANG_WARN_OBJC_IMPLICIT_RETAIN_SELF = YES;
				CLANG_WARN_OBJC_LITERAL_CONVERSION = YES;
				CLANG_WARN_OBJC_ROOT_CLASS = YES_ERROR;
				CLANG_WARN_QUOTED_INCLUDE_IN_FRAMEWORK_HEADER = YES;
				CLANG_WARN_RANGE_LOOP_ANALYSIS = YES;
				CLANG_WARN_STRICT_PROTOTYPES = YES;
				CLANG_WARN_SUSPICIOUS_MOVE = YES;
				CLANG_WARN_UNGUARDED_AVAILABILITY = YES_AGGRESSIVE;
				CLANG_WARN_UNREACHABLE_CODE = YES;
				CLANG_WARN__DUPLICATE_METHOD_MATCH = YES;
				COPY_PHASE_STRIP = NO;
				DEBUG_INFORMATION_FORMAT = "dwarf-with-dsym";
				ENABLE_NS_ASSERTIONS = NO;
				ENABLE_STRICT_OBJC_MSGSEND = YES;
				GCC_C_LANGUAGE_STANDARD = gnu11;
				GCC_NO_COMMON_BLOCKS = YES;
				GCC_WARN_64_TO_32_BIT_CONVERSION = YES;
				GCC_WARN_ABOUT_RETURN_TYPE = YES_ERROR;
				GCC_WARN_UNDECLARED_SELECTOR = YES;
				GCC_WARN_UNINITIALIZED_AUTOS = YES_AGGRESSIVE;
				GCC_WARN_UNUSED_FUNCTION = YES;
				GCC_WARN_UNUSED_VARIABLE = YES;
				IPHONEOS_DEPLOYMENT_TARGET = 16.4;
				MTL_ENABLE_DEBUG_INFO = NO;
				MTL_FAST_MATH = YES;
				SDKROOT = iphoneos;
				SWIFT_COMPILATION_MODE = wholemodule;
				SWIFT_OPTIMIZATION_LEVEL = "-O";
				VALIDATE_PRODUCT = YES;
			};
			name = Release;
		};
		D32C429F2B8935B1002FC0B9 /* Debug */ = {
			isa = XCBuildConfiguration;
			buildSettings = {
				ASSETCATALOG_COMPILER_APPICON_NAME = AppIcon;
				ASSETCATALOG_COMPILER_GLOBAL_ACCENT_COLOR_NAME = AccentColor;
				CODE_SIGN_STYLE = Automatic;
				CURRENT_PROJECT_VERSION = 1;
				DEVELOPMENT_ASSET_PATHS = "\"WeeklyThanks/Preview Content\"";
				DEVELOPMENT_TEAM = 45Z98QXDZ5;
				ENABLE_PREVIEWS = YES;
				GENERATE_INFOPLIST_FILE = YES;
				INFOPLIST_FILE = WeeklyThanks/Info.plist;
				INFOPLIST_KEY_NSCameraUsageDescription = "\"Our app needs access to your camera to take photos to share.\"";
				INFOPLIST_KEY_NSContactsUsageDescription = "\"This app requires access to your contacts to allow you to easily select people from your contact list.\"";
				INFOPLIST_KEY_NSPhotoLibraryAddUsageDescription = "\"Our app needs to save photo library to your photo library.\"";
				INFOPLIST_KEY_NSPhotoLibraryUsageDescription = "\"Our app needs access to photo library to share photos.\"";
				INFOPLIST_KEY_UIApplicationSceneManifest_Generation = YES;
				INFOPLIST_KEY_UIApplicationSupportsIndirectInputEvents = YES;
				INFOPLIST_KEY_UILaunchScreen_Generation = YES;
				INFOPLIST_KEY_UILaunchStoryboardName = "Launch Screen.storyboard";
				INFOPLIST_KEY_UISupportedInterfaceOrientations = UIInterfaceOrientationPortrait;
				INFOPLIST_KEY_UISupportedInterfaceOrientations_iPad = "UIInterfaceOrientationLandscapeLeft UIInterfaceOrientationLandscapeRight UIInterfaceOrientationPortrait UIInterfaceOrientationPortraitUpsideDown";
				LD_RUNPATH_SEARCH_PATHS = (
					"$(inherited)",
					"@executable_path/Frameworks",
				);
				MARKETING_VERSION = 1.0;
				PRODUCT_BUNDLE_IDENTIFIER = com.mevima.WeeklyThanks;
				PRODUCT_NAME = "$(TARGET_NAME)";
				SUPPORTED_PLATFORMS = "iphoneos iphonesimulator";
				SUPPORTS_MACCATALYST = NO;
				SUPPORTS_MAC_DESIGNED_FOR_IPHONE_IPAD = NO;
				SUPPORTS_XR_DESIGNED_FOR_IPHONE_IPAD = NO;
				SWIFT_EMIT_LOC_STRINGS = YES;
				SWIFT_VERSION = 5.0;
				TARGETED_DEVICE_FAMILY = 1;
			};
			name = Debug;
		};
		D32C42A02B8935B1002FC0B9 /* Release */ = {
			isa = XCBuildConfiguration;
			buildSettings = {
				ASSETCATALOG_COMPILER_APPICON_NAME = AppIcon;
				ASSETCATALOG_COMPILER_GLOBAL_ACCENT_COLOR_NAME = AccentColor;
				CODE_SIGN_STYLE = Automatic;
				CURRENT_PROJECT_VERSION = 1;
				DEVELOPMENT_ASSET_PATHS = "\"WeeklyThanks/Preview Content\"";
				DEVELOPMENT_TEAM = 45Z98QXDZ5;
				ENABLE_PREVIEWS = YES;
				GENERATE_INFOPLIST_FILE = YES;
				INFOPLIST_FILE = WeeklyThanks/Info.plist;
				INFOPLIST_KEY_NSCameraUsageDescription = "\"Our app needs access to your camera to take photos to share.\"";
				INFOPLIST_KEY_NSContactsUsageDescription = "\"This app requires access to your contacts to allow you to easily select people from your contact list.\"";
				INFOPLIST_KEY_NSPhotoLibraryAddUsageDescription = "\"Our app needs to save photo library to your photo library.\"";
				INFOPLIST_KEY_NSPhotoLibraryUsageDescription = "\"Our app needs access to photo library to share photos.\"";
				INFOPLIST_KEY_UIApplicationSceneManifest_Generation = YES;
				INFOPLIST_KEY_UIApplicationSupportsIndirectInputEvents = YES;
				INFOPLIST_KEY_UILaunchScreen_Generation = YES;
				INFOPLIST_KEY_UILaunchStoryboardName = "Launch Screen.storyboard";
				INFOPLIST_KEY_UISupportedInterfaceOrientations = UIInterfaceOrientationPortrait;
				INFOPLIST_KEY_UISupportedInterfaceOrientations_iPad = "UIInterfaceOrientationLandscapeLeft UIInterfaceOrientationLandscapeRight UIInterfaceOrientationPortrait UIInterfaceOrientationPortraitUpsideDown";
				LD_RUNPATH_SEARCH_PATHS = (
					"$(inherited)",
					"@executable_path/Frameworks",
				);
				MARKETING_VERSION = 1.0;
				PRODUCT_BUNDLE_IDENTIFIER = com.mevima.WeeklyThanks;
				PRODUCT_NAME = "$(TARGET_NAME)";
				SUPPORTED_PLATFORMS = "iphoneos iphonesimulator";
				SUPPORTS_MACCATALYST = NO;
				SUPPORTS_MAC_DESIGNED_FOR_IPHONE_IPAD = NO;
				SUPPORTS_XR_DESIGNED_FOR_IPHONE_IPAD = NO;
				SWIFT_EMIT_LOC_STRINGS = YES;
				SWIFT_VERSION = 5.0;
				TARGETED_DEVICE_FAMILY = 1;
			};
			name = Release;
		};
/* End XCBuildConfiguration section */

/* Begin XCConfigurationList section */
		D32C428B2B8935AF002FC0B9 /* Build configuration list for PBXProject "WeeklyThanks" */ = {
			isa = XCConfigurationList;
			buildConfigurations = (
				D32C429C2B8935B1002FC0B9 /* Debug */,
				D32C429D2B8935B1002FC0B9 /* Release */,
			);
			defaultConfigurationIsVisible = 0;
			defaultConfigurationName = Release;
		};
		D32C429E2B8935B1002FC0B9 /* Build configuration list for PBXNativeTarget "WeeklyThanks" */ = {
			isa = XCConfigurationList;
			buildConfigurations = (
				D32C429F2B8935B1002FC0B9 /* Debug */,
				D32C42A02B8935B1002FC0B9 /* Release */,
			);
			defaultConfigurationIsVisible = 0;
			defaultConfigurationName = Release;
		};
/* End XCConfigurationList section */

/* Begin XCVersionGroup section */
		D35118742B9119870013BDA0 /* AppDataModel.xcdatamodeld */ = {
			isa = XCVersionGroup;
			children = (
				D35118752B9119870013BDA0 /* AppDataModel.xcdatamodel */,
			);
			currentVersion = D35118752B9119870013BDA0 /* AppDataModel.xcdatamodel */;
			path = AppDataModel.xcdatamodeld;
			sourceTree = "<group>";
			versionGroupType = wrapper.xcdatamodel;
		};
/* End XCVersionGroup section */
	};
	rootObject = D32C42882B8935AF002FC0B9 /* Project object */;
}
